Microsoft Visual Studio Solution File, Format Version 11.00
# Visual Studio 2008

Project("{920D801E-C5DC-9886-4510-9A3A1633F7AB}") = "protoPrototype", "Assembly-CSharp-firstpass.csproj", "{13A32F26-3018-2D12-E430-56C826C82FA2}"
EndProject
Project("{920D801E-C5DC-9886-4510-9A3A1633F7AB}") = "protoPrototype", "Assembly-CSharp.csproj", "{EC48AB4B-82DD-4FB2-83C3-5E25B261D565}"
EndProject
Project("{920D801E-C5DC-9886-4510-9A3A1633F7AB}") = "protoPrototype", "Assembly-CSharp-Editor.csproj", "{2A3ED0B1-CDC4-03DC-F0FD-16E9AA6EB4E5}"
EndProject
Project("{920D801E-C5DC-9886-4510-9A3A1633F7AB}") = "protoPrototype", "Assembly-UnityScript-firstpass.unityproj", "{CDD0CB52-E410-6221-11ED-92BDE7524415}"
EndProject
Project("{920D801E-C5DC-9886-4510-9A3A1633F7AB}") = "protoPrototype", "Assembly-UnityScript.unityproj", "{A2EFA691-AD1D-2E09-B923-7BF0B7A569B0}"
EndProject
Global
	GlobalSection(SolutionConfigurationPlatforms) = preSolution
		Debug|Any CPU = Debug|Any CPU
		Release|Any CPU = Release|Any CPU
	EndGlobalSection
	GlobalSection(ProjectConfigurationPlatforms) = postSolution
		{13A32F26-3018-2D12-E430-56C826C82FA2}.Debug|Any CPU.ActiveCfg = Debug|Any CPU
		{13A32F26-3018-2D12-E430-56C826C82FA2}.Debug|Any CPU.Build.0 = Debug|Any CPU
		{13A32F26-3018-2D12-E430-56C826C82FA2}.Release|Any CPU.ActiveCfg = Release|Any CPU
		{13A32F26-3018-2D12-E430-56C826C82FA2}.Release|Any CPU.Build.0 = Release|Any CPU
		{EC48AB4B-82DD-4FB2-83C3-5E25B261D565}.Debug|Any CPU.ActiveCfg = Debug|Any CPU
		{EC48AB4B-82DD-4FB2-83C3-5E25B261D565}.Debug|Any CPU.Build.0 = Debug|Any CPU
		{EC48AB4B-82DD-4FB2-83C3-5E25B261D565}.Release|Any CPU.ActiveCfg = Release|Any CPU
		{EC48AB4B-82DD-4FB2-83C3-5E25B261D565}.Release|Any CPU.Build.0 = Release|Any CPU
		{2A3ED0B1-CDC4-03DC-F0FD-16E9AA6EB4E5}.Debug|Any CPU.ActiveCfg = Debug|Any CPU
		{2A3ED0B1-CDC4-03DC-F0FD-16E9AA6EB4E5}.Debug|Any CPU.Build.0 = Debug|Any CPU
		{2A3ED0B1-CDC4-03DC-F0FD-16E9AA6EB4E5}.Release|Any CPU.ActiveCfg = Release|Any CPU
		{2A3ED0B1-CDC4-03DC-F0FD-16E9AA6EB4E5}.Release|Any CPU.Build.0 = Release|Any CPU
		{CDD0CB52-E410-6221-11ED-92BDE7524415}.Debug|Any CPU.ActiveCfg = Debug|Any CPU
		{CDD0CB52-E410-6221-11ED-92BDE7524415}.Debug|Any CPU.Build.0 = Debug|Any CPU
		{CDD0CB52-E410-6221-11ED-92BDE7524415}.Release|Any CPU.ActiveCfg = Release|Any CPU
		{CDD0CB52-E410-6221-11ED-92BDE7524415}.Release|Any CPU.Build.0 = Release|Any CPU
		{A2EFA691-AD1D-2E09-B923-7BF0B7A569B0}.Debug|Any CPU.ActiveCfg = Debug|Any CPU
		{A2EFA691-AD1D-2E09-B923-7BF0B7A569B0}.Debug|Any CPU.Build.0 = Debug|Any CPU
		{A2EFA691-AD1D-2E09-B923-7BF0B7A569B0}.Release|Any CPU.ActiveCfg = Release|Any CPU
		{A2EFA691-AD1D-2E09-B923-7BF0B7A569B0}.Release|Any CPU.Build.0 = Release|Any CPU
	EndGlobalSection
	GlobalSection(SolutionProperties) = preSolution
		HideSolutionNode = FALSE
	EndGlobalSection
																																																																																				GlobalSection(MonoDevelopProperties) = preSolution
		StartupItem = Assembly-CSharp.csproj
		Policies = $0
		$0.TextStylePolicy = $1
		$1.inheritsSet = null
		$1.scope = text/x-csharp
		$0.CSharpFormattingPolicy = $2
		$2.inheritsSet = Mono
		$2.inheritsScope = text/x-csharp
		$2.scope = text/x-csharp
		$0.TextStylePolicy = $3
		$3.FileWidth = 120
		$3.TabWidth = 4
		$3.EolMarker = Unix
		$3.inheritsSet = Mono
		$3.inheritsScope = text/plain
		$3.scope = text/plain
	EndGlobalSection

EndGlobal
